
Microsoft Visual Studio Solution File, Format Version 12.00
# Visual Studio 14
VisualStudioVersion = 14.0.23107.0
MinimumVisualStudioVersion = 10.0.40219.1
Project("{FAE04EC0-301F-11D3-BF4B-00C04F79EFBC}") = "WcfSample01Host", "WcfSample01Host\WcfSample01Host.csproj", "{CCFA8B5B-6FA5-4ACC-9C0B-BF50B75CC36C}"
EndProject
Project("{FAE04EC0-301F-11D3-BF4B-00C04F79EFBC}") = "WcfSample01Client", "WcfSample01Client\WcfSample01Client.csproj", "{CD354BA2-B6DD-4718-9833-33299DE72FA7}"
EndProject
Project("{F184B08F-C81C-45F6-A57F-5ABD9991F28F}") = "WcfSample01ClientVB", "WcfSample01ClientVB\WcfSample01ClientVB.vbproj", "{51EACA5B-3C9F-4775-89EC-3CD3F3502D72}"
EndProject
Project("{F184B08F-C81C-45F6-A57F-5ABD9991F28F}") = "WcfSample01HostVB", "WcfSample01HostVB\WcfSample01HostVB.vbproj", "{DE3EB54A-33A4-4F22-A1F7-E107E92991DF}"
EndProject
Global
	GlobalSection(SolutionConfigurationPlatforms) = preSolution
		Debug|Any CPU = Debug|Any CPU
		Release|Any CPU = Release|Any CPU
	EndGlobalSection
	GlobalSection(ProjectConfigurationPlatforms) = postSolution
		{CCFA8B5B-6FA5-4ACC-9C0B-BF50B75CC36C}.Debug|Any CPU.ActiveCfg = Debug|Any CPU
		{CCFA8B5B-6FA5-4ACC-9C0B-BF50B75CC36C}.Debug|Any CPU.Build.0 = Debug|Any CPU
		{CCFA8B5B-6FA5-4ACC-9C0B-BF50B75CC36C}.Release|Any CPU.ActiveCfg = Release|Any CPU
		{CCFA8B5B-6FA5-4ACC-9C0B-BF50B75CC36C}.Release|Any CPU.Build.0 = Release|Any CPU
		{CD354BA2-B6DD-4718-9833-33299DE72FA7}.Debug|Any CPU.ActiveCfg = Debug|Any CPU
		{CD354BA2-B6DD-4718-9833-33299DE72FA7}.Debug|Any CPU.Build.0 = Debug|Any CPU
		{CD354BA2-B6DD-4718-9833-33299DE72FA7}.Release|Any CPU.ActiveCfg = Release|Any CPU
		{CD354BA2-B6DD-4718-9833-33299DE72FA7}.Release|Any CPU.Build.0 = Release|Any CPU
		{51EACA5B-3C9F-4775-89EC-3CD3F3502D72}.Debug|Any CPU.ActiveCfg = Debug|Any CPU
		{51EACA5B-3C9F-4775-89EC-3CD3F3502D72}.Debug|Any CPU.Build.0 = Debug|Any CPU
		{51EACA5B-3C9F-4775-89EC-3CD3F3502D72}.Release|Any CPU.ActiveCfg = Release|Any CPU
		{51EACA5B-3C9F-4775-89EC-3CD3F3502D72}.Release|Any CPU.Build.0 = Release|Any CPU
		{DE3EB54A-33A4-4F22-A1F7-E107E92991DF}.Debug|Any CPU.ActiveCfg = Debug|Any CPU
		{DE3EB54A-33A4-4F22-A1F7-E107E92991DF}.Debug|Any CPU.Build.0 = Debug|Any CPU
		{DE3EB54A-33A4-4F22-A1F7-E107E92991DF}.Release|Any CPU.ActiveCfg = Release|Any CPU
		{DE3EB54A-33A4-4F22-A1F7-E107E92991DF}.Release|Any CPU.Build.0 = Release|Any CPU
	EndGlobalSection
	GlobalSection(SolutionProperties) = preSolution
		HideSolutionNode = FALSE
	EndGlobalSection
EndGlobal
